
Microsoft Visual Studio Solution File, Format Version 12.00
# Visual Studio Version 16
VisualStudioVersion = 16.0.29418.71
MinimumVisualStudioVersion = 10.0.40219.1
Project("{FAE04EC0-301F-11D3-BF4B-00C04F79EFBC}") = "ExercPropostoSeção10", "ExercPropostoSeção10\ExercPropostoSeção10.csproj", "{D57952B4-0B10-46F9-8F8D-7A269FDFDEE1}"
EndProject
Global
	GlobalSection(SolutionConfigurationPlatforms) = preSolution
		Debug|Any CPU = Debug|Any CPU
		Release|Any CPU = Release|Any CPU
	EndGlobalSection
	GlobalSection(ProjectConfigurationPlatforms) = postSolution
		{D57952B4-0B10-46F9-8F8D-7A269FDFDEE1}.Debug|Any CPU.ActiveCfg = Debug|Any CPU
		{D57952B4-0B10-46F9-8F8D-7A269FDFDEE1}.Debug|Any CPU.Build.0 = Debug|Any CPU
		{D57952B4-0B10-46F9-8F8D-7A269FDFDEE1}.Release|Any CPU.ActiveCfg = Release|Any CPU
		{D57952B4-0B10-46F9-8F8D-7A269FDFDEE1}.Release|Any CPU.Build.0 = Release|Any CPU
	EndGlobalSection
	GlobalSection(SolutionProperties) = preSolution
		HideSolutionNode = FALSE
	EndGlobalSection
	GlobalSection(ExtensibilityGlobals) = postSolution
		SolutionGuid = {5365B20D-D48B-4FB4-9D77-B85178CDC20E}
	EndGlobalSection
EndGlobal
